// !$*UTF8*$!
{
	archiveVersion = 1;
	classes = {
	};
	objectVersion = 56;
	objects = {

/* Begin PBXBuildFile section */
		975679DA2AB9C2690057B0E2 /* SFSymbolsArtCreatorApp.swift in Sources */ = {isa = PBXBuildFile; fileRef = 975679D92AB9C2690057B0E2 /* SFSymbolsArtCreatorApp.swift */; };
		975679DC2AB9C2690057B0E2 /* ContentView.swift in Sources */ = {isa = PBXBuildFile; fileRef = 975679DB2AB9C2690057B0E2 /* ContentView.swift */; };
		975679DE2AB9C26B0057B0E2 /* Assets.xcassets in Resources */ = {isa = PBXBuildFile; fileRef = 975679DD2AB9C26B0057B0E2 /* Assets.xcassets */; };
		975679E12AB9C26B0057B0E2 /* Preview Assets.xcassets in Resources */ = {isa = PBXBuildFile; fileRef = 975679E02AB9C26B0057B0E2 /* Preview Assets.xcassets */; };
		975679E32AB9C26B0057B0E2 /* Persistence.swift in Sources */ = {isa = PBXBuildFile; fileRef = 975679E22AB9C26B0057B0E2 /* Persistence.swift */; };
		975679E62AB9C26B0057B0E2 /* SFSymbolsArtCreator.xcdatamodeld in Sources */ = {isa = PBXBuildFile; fileRef = 975679E42AB9C26B0057B0E2 /* SFSymbolsArtCreator.xcdatamodeld */; };
		975679F02AB9C26B0057B0E2 /* SFSymbolsArtCreatorTests.swift in Sources */ = {isa = PBXBuildFile; fileRef = 975679EF2AB9C26B0057B0E2 /* SFSymbolsArtCreatorTests.swift */; };
		97567A0D2AB9C6670057B0E2 /* ComposableArchitecture in Frameworks */ = {isa = PBXBuildFile; productRef = 97567A0C2AB9C6670057B0E2 /* ComposableArchitecture */; };
		97567A102AB9C6A20057B0E2 /* SFUserFriendlySymbols in Frameworks */ = {isa = PBXBuildFile; productRef = 97567A0F2AB9C6A20057B0E2 /* SFUserFriendlySymbols */; };
		97567A122AB9C6D80057B0E2 /* SymbolCatalogView.swift in Sources */ = {isa = PBXBuildFile; fileRef = 97567A112AB9C6D80057B0E2 /* SymbolCatalogView.swift */; };
		97567A152ABA4E1C0057B0E2 /* CatalogItemView.swift in Sources */ = {isa = PBXBuildFile; fileRef = 97567A142ABA4E1C0057B0E2 /* CatalogItemView.swift */; };
/* End PBXBuildFile section */

/* Begin PBXContainerItemProxy section */
		975679EC2AB9C26B0057B0E2 /* PBXContainerItemProxy */ = {
			isa = PBXContainerItemProxy;
			containerPortal = 975679CE2AB9C2690057B0E2 /* Project object */;
			proxyType = 1;
			remoteGlobalIDString = 975679D52AB9C2690057B0E2;
			remoteInfo = SFSymbolsArtCreator;
		};
/* End PBXContainerItemProxy section */

/* Begin PBXFileReference section */
		975679D62AB9C2690057B0E2 /* SFSymbolsArtCreator.app */ = {isa = PBXFileReference; explicitFileType = wrapper.application; includeInIndex = 0; path = SFSymbolsArtCreator.app; sourceTree = BUILT_PRODUCTS_DIR; };
		975679D92AB9C2690057B0E2 /* SFSymbolsArtCreatorApp.swift */ = {isa = PBXFileReference; lastKnownFileType = sourcecode.swift; path = SFSymbolsArtCreatorApp.swift; sourceTree = "<group>"; };
		975679DB2AB9C2690057B0E2 /* ContentView.swift */ = {isa = PBXFileReference; lastKnownFileType = sourcecode.swift; path = ContentView.swift; sourceTree = "<group>"; };
		975679DD2AB9C26B0057B0E2 /* Assets.xcassets */ = {isa = PBXFileReference; lastKnownFileType = folder.assetcatalog; path = Assets.xcassets; sourceTree = "<group>"; };
		975679E02AB9C26B0057B0E2 /* Preview Assets.xcassets */ = {isa = PBXFileReference; lastKnownFileType = folder.assetcatalog; path = "Preview Assets.xcassets"; sourceTree = "<group>"; };
		975679E22AB9C26B0057B0E2 /* Persistence.swift */ = {isa = PBXFileReference; lastKnownFileType = sourcecode.swift; path = Persistence.swift; sourceTree = "<group>"; };
		975679E52AB9C26B0057B0E2 /* SFSymbolsArtCreator.xcdatamodel */ = {isa = PBXFileReference; lastKnownFileType = wrapper.xcdatamodel; path = SFSymbolsArtCreator.xcdatamodel; sourceTree = "<group>"; };
		975679EB2AB9C26B0057B0E2 /* SFSymbolsArtCreatorTests.xctest */ = {isa = PBXFileReference; explicitFileType = wrapper.cfbundle; includeInIndex = 0; path = SFSymbolsArtCreatorTests.xctest; sourceTree = BUILT_PRODUCTS_DIR; };
		975679EF2AB9C26B0057B0E2 /* SFSymbolsArtCreatorTests.swift */ = {isa = PBXFileReference; lastKnownFileType = sourcecode.swift; path = SFSymbolsArtCreatorTests.swift; sourceTree = "<group>"; };
		97567A112AB9C6D80057B0E2 /* SymbolCatalogView.swift */ = {isa = PBXFileReference; lastKnownFileType = sourcecode.swift; path = SymbolCatalogView.swift; sourceTree = "<group>"; };
		97567A142ABA4E1C0057B0E2 /* CatalogItemView.swift */ = {isa = PBXFileReference; lastKnownFileType = sourcecode.swift; path = CatalogItemView.swift; sourceTree = "<group>"; };
/* End PBXFileReference section */

/* Begin PBXFrameworksBuildPhase section */
		975679D32AB9C2690057B0E2 /* Frameworks */ = {
			isa = PBXFrameworksBuildPhase;
			buildActionMask = 2147483647;
			files = (
				97567A0D2AB9C6670057B0E2 /* ComposableArchitecture in Frameworks */,
				97567A102AB9C6A20057B0E2 /* SFUserFriendlySymbols in Frameworks */,
			);
			runOnlyForDeploymentPostprocessing = 0;
		};
		975679E82AB9C26B0057B0E2 /* Frameworks */ = {
			isa = PBXFrameworksBuildPhase;
			buildActionMask = 2147483647;
			files = (
			);
			runOnlyForDeploymentPostprocessing = 0;
		};
/* End PBXFrameworksBuildPhase section */

/* Begin PBXGroup section */
		975679CD2AB9C2690057B0E2 = {
			isa = PBXGroup;
			children = (
				975679D82AB9C2690057B0E2 /* SFSymbolsArtCreator */,
				975679EE2AB9C26B0057B0E2 /* SFSymbolsArtCreatorTests */,
				975679D72AB9C2690057B0E2 /* Products */,
			);
			sourceTree = "<group>";
		};
		975679D72AB9C2690057B0E2 /* Products */ = {
			isa = PBXGroup;
			children = (
				975679D62AB9C2690057B0E2 /* SFSymbolsArtCreator.app */,
				975679EB2AB9C26B0057B0E2 /* SFSymbolsArtCreatorTests.xctest */,
			);
			name = Products;
			sourceTree = "<group>";
		};
		975679D82AB9C2690057B0E2 /* SFSymbolsArtCreator */ = {
			isa = PBXGroup;
			children = (
				975679D92AB9C2690057B0E2 /* SFSymbolsArtCreatorApp.swift */,
				975679DB2AB9C2690057B0E2 /* ContentView.swift */,
				97567A0A2AB9C5B90057B0E2 /* SymbolCatalog */,
				975679DD2AB9C26B0057B0E2 /* Assets.xcassets */,
				97567A082AB9C4BF0057B0E2 /* DataStore */,
				975679DF2AB9C26B0057B0E2 /* Preview Content */,
			);
			path = SFSymbolsArtCreator;
			sourceTree = "<group>";
		};
		975679DF2AB9C26B0057B0E2 /* Preview Content */ = {
			isa = PBXGroup;
			children = (
				975679E02AB9C26B0057B0E2 /* Preview Assets.xcassets */,
			);
			path = "Preview Content";
			sourceTree = "<group>";
		};
		975679EE2AB9C26B0057B0E2 /* SFSymbolsArtCreatorTests */ = {
			isa = PBXGroup;
			children = (
				975679EF2AB9C26B0057B0E2 /* SFSymbolsArtCreatorTests.swift */,
			);
			path = SFSymbolsArtCreatorTests;
			sourceTree = "<group>";
		};
		97567A082AB9C4BF0057B0E2 /* DataStore */ = {
			isa = PBXGroup;
			children = (
				97567A092AB9C5170057B0E2 /* CoreData */,
			);
			path = DataStore;
			sourceTree = "<group>";
		};
		97567A092AB9C5170057B0E2 /* CoreData */ = {
			isa = PBXGroup;
			children = (
				975679E22AB9C26B0057B0E2 /* Persistence.swift */,
				975679E42AB9C26B0057B0E2 /* SFSymbolsArtCreator.xcdatamodeld */,
			);
			path = CoreData;
			sourceTree = "<group>";
		};
		97567A0A2AB9C5B90057B0E2 /* SymbolCatalog */ = {
			isa = PBXGroup;
			children = (
				97567A112AB9C6D80057B0E2 /* SymbolCatalogView.swift */,
				97567A132ABA4D790057B0E2 /* Components */,
			);
			path = SymbolCatalog;
			sourceTree = "<group>";
		};
		97567A132ABA4D790057B0E2 /* Components */ = {
			isa = PBXGroup;
			children = (
				97567A142ABA4E1C0057B0E2 /* CatalogItemView.swift */,
			);
			path = Components;
			sourceTree = "<group>";
		};
/* End PBXGroup section */

/* Begin PBXNativeTarget section */
		975679D52AB9C2690057B0E2 /* SFSymbolsArtCreator */ = {
			isa = PBXNativeTarget;
			buildConfigurationList = 975679FF2AB9C26B0057B0E2 /* Build configuration list for PBXNativeTarget "SFSymbolsArtCreator" */;
			buildPhases = (
				975679D22AB9C2690057B0E2 /* Sources */,
				975679D32AB9C2690057B0E2 /* Frameworks */,
				975679D42AB9C2690057B0E2 /* Resources */,
			);
			buildRules = (
			);
			dependencies = (
			);
			name = SFSymbolsArtCreator;
			packageProductDependencies = (
				97567A0C2AB9C6670057B0E2 /* ComposableArchitecture */,
				97567A0F2AB9C6A20057B0E2 /* SFUserFriendlySymbols */,
			);
			productName = SFSymbolsArtCreator;
			productReference = 975679D62AB9C2690057B0E2 /* SFSymbolsArtCreator.app */;
			productType = "com.apple.product-type.application";
		};
		975679EA2AB9C26B0057B0E2 /* SFSymbolsArtCreatorTests */ = {
			isa = PBXNativeTarget;
			buildConfigurationList = 97567A022AB9C26B0057B0E2 /* Build configuration list for PBXNativeTarget "SFSymbolsArtCreatorTests" */;
			buildPhases = (
				975679E72AB9C26B0057B0E2 /* Sources */,
				975679E82AB9C26B0057B0E2 /* Frameworks */,
				975679E92AB9C26B0057B0E2 /* Resources */,
			);
			buildRules = (
			);
			dependencies = (
				975679ED2AB9C26B0057B0E2 /* PBXTargetDependency */,
			);
			name = SFSymbolsArtCreatorTests;
			productName = SFSymbolsArtCreatorTests;
			productReference = 975679EB2AB9C26B0057B0E2 /* SFSymbolsArtCreatorTests.xctest */;
			productType = "com.apple.product-type.bundle.unit-test";
		};
/* End PBXNativeTarget section */

/* Begin PBXProject section */
		975679CE2AB9C2690057B0E2 /* Project object */ = {
			isa = PBXProject;
			attributes = {
				BuildIndependentTargetsInParallel = 1;
				LastSwiftUpdateCheck = 1500;
				LastUpgradeCheck = 1500;
				TargetAttributes = {
					975679D52AB9C2690057B0E2 = {
						CreatedOnToolsVersion = 15.0;
					};
					975679EA2AB9C26B0057B0E2 = {
						CreatedOnToolsVersion = 15.0;
						TestTargetID = 975679D52AB9C2690057B0E2;
					};
				};
			};
			buildConfigurationList = 975679D12AB9C2690057B0E2 /* Build configuration list for PBXProject "SFSymbolsArtCreator" */;
			compatibilityVersion = "Xcode 14.0";
			developmentRegion = en;
			hasScannedForEncodings = 0;
			knownRegions = (
				en,
				Base,
			);
			mainGroup = 975679CD2AB9C2690057B0E2;
			packageReferences = (
				97567A0B2AB9C6670057B0E2 /* XCRemoteSwiftPackageReference "swift-composable-architecture" */,
				97567A0E2AB9C6A20057B0E2 /* XCRemoteSwiftPackageReference "SFUserFriendlySymbols" */,
			);
			productRefGroup = 975679D72AB9C2690057B0E2 /* Products */;
			projectDirPath = "";
			projectRoot = "";
			targets = (
				975679D52AB9C2690057B0E2 /* SFSymbolsArtCreator */,
				975679EA2AB9C26B0057B0E2 /* SFSymbolsArtCreatorTests */,
			);
		};
/* End PBXProject section */

/* Begin PBXResourcesBuildPhase section */
		975679D42AB9C2690057B0E2 /* Resources */ = {
			isa = PBXResourcesBuildPhase;
			buildActionMask = 2147483647;
			files = (
				975679E12AB9C26B0057B0E2 /* Preview Assets.xcassets in Resources */,
				975679DE2AB9C26B0057B0E2 /* Assets.xcassets in Resources */,
			);
			runOnlyForDeploymentPostprocessing = 0;
		};
		975679E92AB9C26B0057B0E2 /* Resources */ = {
			isa = PBXResourcesBuildPhase;
			buildActionMask = 2147483647;
			files = (
			);
			runOnlyForDeploymentPostprocessing = 0;
		};
/* End PBXResourcesBuildPhase section */

/* Begin PBXSourcesBuildPhase section */
		975679D22AB9C2690057B0E2 /* Sources */ = {
			isa = PBXSourcesBuildPhase;
			buildActionMask = 2147483647;
			files = (
				97567A122AB9C6D80057B0E2 /* SymbolCatalogView.swift in Sources */,
				97567A152ABA4E1C0057B0E2 /* CatalogItemView.swift in Sources */,
				975679E32AB9C26B0057B0E2 /* Persistence.swift in Sources */,
				975679DC2AB9C2690057B0E2 /* ContentView.swift in Sources */,
				975679E62AB9C26B0057B0E2 /* SFSymbolsArtCreator.xcdatamodeld in Sources */,
				975679DA2AB9C2690057B0E2 /* SFSymbolsArtCreatorApp.swift in Sources */,
			);
			runOnlyForDeploymentPostprocessing = 0;
		};
		975679E72AB9C26B0057B0E2 /* Sources */ = {
			isa = PBXSourcesBuildPhase;
			buildActionMask = 2147483647;
			files = (
				975679F02AB9C26B0057B0E2 /* SFSymbolsArtCreatorTests.swift in Sources */,
			);
			runOnlyForDeploymentPostprocessing = 0;
		};
/* End PBXSourcesBuildPhase section */

/* Begin PBXTargetDependency section */
		975679ED2AB9C26B0057B0E2 /* PBXTargetDependency */ = {
			isa = PBXTargetDependency;
			target = 975679D52AB9C2690057B0E2 /* SFSymbolsArtCreator */;
			targetProxy = 975679EC2AB9C26B0057B0E2 /* PBXContainerItemProxy */;
		};
/* End PBXTargetDependency section */

/* Begin XCBuildConfiguration section */
		975679FD2AB9C26B0057B0E2 /* Debug */ = {
			isa = XCBuildConfiguration;
			buildSettings = {
				ALWAYS_SEARCH_USER_PATHS = NO;
				ASSETCATALOG_COMPILER_GENERATE_SWIFT_ASSET_SYMBOL_EXTENSIONS = YES;
				CLANG_ANALYZER_NONNULL = YES;
				CLANG_ANALYZER_NUMBER_OBJECT_CONVERSION = YES_AGGRESSIVE;
				CLANG_CXX_LANGUAGE_STANDARD = "gnu++20";
				CLANG_ENABLE_MODULES = YES;
				CLANG_ENABLE_OBJC_ARC = YES;
				CLANG_ENABLE_OBJC_WEAK = YES;
				CLANG_WARN_BLOCK_CAPTURE_AUTORELEASING = YES;
				CLANG_WARN_BOOL_CONVERSION = YES;
				CLANG_WARN_COMMA = YES;
				CLANG_WARN_CONSTANT_CONVERSION = YES;
				CLANG_WARN_DEPRECATED_OBJC_IMPLEMENTATIONS = YES;
				CLANG_WARN_DIRECT_OBJC_ISA_USAGE = YES_ERROR;
				CLANG_WARN_DOCUMENTATION_COMMENTS = YES;
				CLANG_WARN_EMPTY_BODY = YES;
				CLANG_WARN_ENUM_CONVERSION = YES;
				CLANG_WARN_INFINITE_RECURSION = YES;
				CLANG_WARN_INT_CONVERSION = YES;
				CLANG_WARN_NON_LITERAL_NULL_CONVERSION = YES;
				CLANG_WARN_OBJC_IMPLICIT_RETAIN_SELF = YES;
				CLANG_WARN_OBJC_LITERAL_CONVERSION = YES;
				CLANG_WARN_OBJC_ROOT_CLASS = YES_ERROR;
				CLANG_WARN_QUOTED_INCLUDE_IN_FRAMEWORK_HEADER = YES;
				CLANG_WARN_RANGE_LOOP_ANALYSIS = YES;
				CLANG_WARN_STRICT_PROTOTYPES = YES;
				CLANG_WARN_SUSPICIOUS_MOVE = YES;
				CLANG_WARN_UNGUARDED_AVAILABILITY = YES_AGGRESSIVE;
				CLANG_WARN_UNREACHABLE_CODE = YES;
				CLANG_WARN__DUPLICATE_METHOD_MATCH = YES;
				COPY_PHASE_STRIP = NO;
				DEBUG_INFORMATION_FORMAT = dwarf;
				ENABLE_STRICT_OBJC_MSGSEND = YES;
				ENABLE_TESTABILITY = YES;
				ENABLE_USER_SCRIPT_SANDBOXING = YES;
				GCC_C_LANGUAGE_STANDARD = gnu17;
				GCC_DYNAMIC_NO_PIC = NO;
				GCC_NO_COMMON_BLOCKS = YES;
				GCC_OPTIMIZATION_LEVEL = 0;
				GCC_PREPROCESSOR_DEFINITIONS = (
					"DEBUG=1",
					"$(inherited)",
				);
				GCC_WARN_64_TO_32_BIT_CONVERSION = YES;
				GCC_WARN_ABOUT_RETURN_TYPE = YES_ERROR;
				GCC_WARN_UNDECLARED_SELECTOR = YES;
				GCC_WARN_UNINITIALIZED_AUTOS = YES_AGGRESSIVE;
				GCC_WARN_UNUSED_FUNCTION = YES;
				GCC_WARN_UNUSED_VARIABLE = YES;
				IPHONEOS_DEPLOYMENT_TARGET = 17.0;
				LOCALIZATION_PREFERS_STRING_CATALOGS = YES;
				MTL_ENABLE_DEBUG_INFO = INCLUDE_SOURCE;
				MTL_FAST_MATH = YES;
				ONLY_ACTIVE_ARCH = YES;
				SDKROOT = iphoneos;
				SWIFT_ACTIVE_COMPILATION_CONDITIONS = "DEBUG $(inherited)";
				SWIFT_OPTIMIZATION_LEVEL = "-Onone";
			};
			name = Debug;
		};
		975679FE2AB9C26B0057B0E2 /* Release */ = {
			isa = XCBuildConfiguration;
			buildSettings = {
				ALWAYS_SEARCH_USER_PATHS = NO;
				ASSETCATALOG_COMPILER_GENERATE_SWIFT_ASSET_SYMBOL_EXTENSIONS = YES;
				CLANG_ANALYZER_NONNULL = YES;
				CLANG_ANALYZER_NUMBER_OBJECT_CONVERSION = YES_AGGRESSIVE;
				CLANG_CXX_LANGUAGE_STANDARD = "gnu++20";
				CLANG_ENABLE_MODULES = YES;
				CLANG_ENABLE_OBJC_ARC = YES;
				CLANG_ENABLE_OBJC_WEAK = YES;
				CLANG_WARN_BLOCK_CAPTURE_AUTORELEASING = YES;
				CLANG_WARN_BOOL_CONVERSION = YES;
				CLANG_WARN_COMMA = YES;
				CLANG_WARN_CONSTANT_CONVERSION = YES;
				CLANG_WARN_DEPRECATED_OBJC_IMPLEMENTATIONS = YES;
				CLANG_WARN_DIRECT_OBJC_ISA_USAGE = YES_ERROR;
				CLANG_WARN_DOCUMENTATION_COMMENTS = YES;
				CLANG_WARN_EMPTY_BODY = YES;
				CLANG_WARN_ENUM_CONVERSION = YES;
				CLANG_WARN_INFINITE_RECURSION = YES;
				CLANG_WARN_INT_CONVERSION = YES;
				CLANG_WARN_NON_LITERAL_NULL_CONVERSION = YES;
				CLANG_WARN_OBJC_IMPLICIT_RETAIN_SELF = YES;
				CLANG_WARN_OBJC_LITERAL_CONVERSION = YES;
				CLANG_WARN_OBJC_ROOT_CLASS = YES_ERROR;
				CLANG_WARN_QUOTED_INCLUDE_IN_FRAMEWORK_HEADER = YES;
				CLANG_WARN_RANGE_LOOP_ANALYSIS = YES;
				CLANG_WARN_STRICT_PROTOTYPES = YES;
				CLANG_WARN_SUSPICIOUS_MOVE = YES;
				CLANG_WARN_UNGUARDED_AVAILABILITY = YES_AGGRESSIVE;
				CLANG_WARN_UNREACHABLE_CODE = YES;
				CLANG_WARN__DUPLICATE_METHOD_MATCH = YES;
				COPY_PHASE_STRIP = NO;
				DEBUG_INFORMATION_FORMAT = "dwarf-with-dsym";
				ENABLE_NS_ASSERTIONS = NO;
				ENABLE_STRICT_OBJC_MSGSEND = YES;
				ENABLE_USER_SCRIPT_SANDBOXING = YES;
				GCC_C_LANGUAGE_STANDARD = gnu17;
				GCC_NO_COMMON_BLOCKS = YES;
				GCC_WARN_64_TO_32_BIT_CONVERSION = YES;
				GCC_WARN_ABOUT_RETURN_TYPE = YES_ERROR;
				GCC_WARN_UNDECLARED_SELECTOR = YES;
				GCC_WARN_UNINITIALIZED_AUTOS = YES_AGGRESSIVE;
				GCC_WARN_UNUSED_FUNCTION = YES;
				GCC_WARN_UNUSED_VARIABLE = YES;
				IPHONEOS_DEPLOYMENT_TARGET = 17.0;
				LOCALIZATION_PREFERS_STRING_CATALOGS = YES;
				MTL_ENABLE_DEBUG_INFO = NO;
				MTL_FAST_MATH = YES;
				SDKROOT = iphoneos;
				SWIFT_COMPILATION_MODE = wholemodule;
				VALIDATE_PRODUCT = YES;
			};
			name = Release;
		};
		97567A002AB9C26B0057B0E2 /* Debug */ = {
			isa = XCBuildConfiguration;
			buildSettings = {
				ASSETCATALOG_COMPILER_APPICON_NAME = AppIcon;
				ASSETCATALOG_COMPILER_GLOBAL_ACCENT_COLOR_NAME = AccentColor;
				CODE_SIGN_STYLE = Automatic;
				CURRENT_PROJECT_VERSION = 0;
				DEVELOPMENT_ASSET_PATHS = "\"SFSymbolsArtCreator/Preview Content\"";
				DEVELOPMENT_TEAM = 2V4975L824;
				ENABLE_PREVIEWS = YES;
				GENERATE_INFOPLIST_FILE = YES;
				INFOPLIST_KEY_UIApplicationSceneManifest_Generation = YES;
				INFOPLIST_KEY_UIApplicationSupportsIndirectInputEvents = YES;
				INFOPLIST_KEY_UILaunchScreen_Generation = YES;
				INFOPLIST_KEY_UISupportedInterfaceOrientations_iPad = "UIInterfaceOrientationPortrait UIInterfaceOrientationPortraitUpsideDown UIInterfaceOrientationLandscapeLeft UIInterfaceOrientationLandscapeRight";
				INFOPLIST_KEY_UISupportedInterfaceOrientations_iPhone = "UIInterfaceOrientationPortrait UIInterfaceOrientationLandscapeLeft UIInterfaceOrientationLandscapeRight";
				IPHONEOS_DEPLOYMENT_TARGET = 16.0;
				LD_RUNPATH_SEARCH_PATHS = (
					"$(inherited)",
					"@executable_path/Frameworks",
				);
				MARKETING_VERSION = 0.0.1;
				PRODUCT_BUNDLE_IDENTIFIER = jp.co.lilossa.SFSymbolsArtCreator;
				PRODUCT_NAME = "$(TARGET_NAME)";
				SWIFT_EMIT_LOC_STRINGS = YES;
				SWIFT_VERSION = 5.0;
				TARGETED_DEVICE_FAMILY = "1,2";
			};
			name = Debug;
		};
		97567A012AB9C26B0057B0E2 /* Release */ = {
			isa = XCBuildConfiguration;
			buildSettings = {
				ASSETCATALOG_COMPILER_APPICON_NAME = AppIcon;
				ASSETCATALOG_COMPILER_GLOBAL_ACCENT_COLOR_NAME = AccentColor;
				CODE_SIGN_STYLE = Automatic;
				CURRENT_PROJECT_VERSION = 0;
				DEVELOPMENT_ASSET_PATHS = "\"SFSymbolsArtCreator/Preview Content\"";
				DEVELOPMENT_TEAM = 2V4975L824;
				ENABLE_PREVIEWS = YES;
				GENERATE_INFOPLIST_FILE = YES;
				INFOPLIST_KEY_UIApplicationSceneManifest_Generation = YES;
				INFOPLIST_KEY_UIApplicationSupportsIndirectInputEvents = YES;
				INFOPLIST_KEY_UILaunchScreen_Generation = YES;
				INFOPLIST_KEY_UISupportedInterfaceOrientations_iPad = "UIInterfaceOrientationPortrait UIInterfaceOrientationPortraitUpsideDown UIInterfaceOrientationLandscapeLeft UIInterfaceOrientationLandscapeRight";
				INFOPLIST_KEY_UISupportedInterfaceOrientations_iPhone = "UIInterfaceOrientationPortrait UIInterfaceOrientationLandscapeLeft UIInterfaceOrientationLandscapeRight";
				IPHONEOS_DEPLOYMENT_TARGET = 16.0;
				LD_RUNPATH_SEARCH_PATHS = (
					"$(inherited)",
					"@executable_path/Frameworks",
				);
				MARKETING_VERSION = 0.0.1;
				PRODUCT_BUNDLE_IDENTIFIER = jp.co.lilossa.SFSymbolsArtCreator;
				PRODUCT_NAME = "$(TARGET_NAME)";
				SWIFT_EMIT_LOC_STRINGS = YES;
				SWIFT_VERSION = 5.0;
				TARGETED_DEVICE_FAMILY = "1,2";
			};
			name = Release;
		};
		97567A032AB9C26B0057B0E2 /* Debug */ = {
			isa = XCBuildConfiguration;
			buildSettings = {
				ALWAYS_EMBED_SWIFT_STANDARD_LIBRARIES = YES;
				BUNDLE_LOADER = "$(TEST_HOST)";
				CODE_SIGN_STYLE = Automatic;
				CURRENT_PROJECT_VERSION = 1;
				DEVELOPMENT_TEAM = 2V4975L824;
				GENERATE_INFOPLIST_FILE = YES;
				IPHONEOS_DEPLOYMENT_TARGET = 16.0;
				MARKETING_VERSION = 1.0;
				PRODUCT_BUNDLE_IDENTIFIER = jp.co.lilossa.SFSymbolsArtCreatorTests;
				PRODUCT_NAME = "$(TARGET_NAME)";
				SWIFT_EMIT_LOC_STRINGS = NO;
				SWIFT_VERSION = 5.0;
				TARGETED_DEVICE_FAMILY = "1,2";
				TEST_HOST = "$(BUILT_PRODUCTS_DIR)/SFSymbolsArtCreator.app/$(BUNDLE_EXECUTABLE_FOLDER_PATH)/SFSymbolsArtCreator";
			};
			name = Debug;
		};
		97567A042AB9C26B0057B0E2 /* Release */ = {
			isa = XCBuildConfiguration;
			buildSettings = {
				ALWAYS_EMBED_SWIFT_STANDARD_LIBRARIES = YES;
				BUNDLE_LOADER = "$(TEST_HOST)";
				CODE_SIGN_STYLE = Automatic;
				CURRENT_PROJECT_VERSION = 1;
				DEVELOPMENT_TEAM = 2V4975L824;
				GENERATE_INFOPLIST_FILE = YES;
				IPHONEOS_DEPLOYMENT_TARGET = 16.0;
				MARKETING_VERSION = 1.0;
				PRODUCT_BUNDLE_IDENTIFIER = jp.co.lilossa.SFSymbolsArtCreatorTests;
				PRODUCT_NAME = "$(TARGET_NAME)";
				SWIFT_EMIT_LOC_STRINGS = NO;
				SWIFT_VERSION = 5.0;
				TARGETED_DEVICE_FAMILY = "1,2";
				TEST_HOST = "$(BUILT_PRODUCTS_DIR)/SFSymbolsArtCreator.app/$(BUNDLE_EXECUTABLE_FOLDER_PATH)/SFSymbolsArtCreator";
			};
			name = Release;
		};
/* End XCBuildConfiguration section */

/* Begin XCConfigurationList section */
		975679D12AB9C2690057B0E2 /* Build configuration list for PBXProject "SFSymbolsArtCreator" */ = {
			isa = XCConfigurationList;
			buildConfigurations = (
				975679FD2AB9C26B0057B0E2 /* Debug */,
				975679FE2AB9C26B0057B0E2 /* Release */,
			);
			defaultConfigurationIsVisible = 0;
			defaultConfigurationName = Release;
		};
		975679FF2AB9C26B0057B0E2 /* Build configuration list for PBXNativeTarget "SFSymbolsArtCreator" */ = {
			isa = XCConfigurationList;
			buildConfigurations = (
				97567A002AB9C26B0057B0E2 /* Debug */,
				97567A012AB9C26B0057B0E2 /* Release */,
			);
			defaultConfigurationIsVisible = 0;
			defaultConfigurationName = Release;
		};
		97567A022AB9C26B0057B0E2 /* Build configuration list for PBXNativeTarget "SFSymbolsArtCreatorTests" */ = {
			isa = XCConfigurationList;
			buildConfigurations = (
				97567A032AB9C26B0057B0E2 /* Debug */,
				97567A042AB9C26B0057B0E2 /* Release */,
			);
			defaultConfigurationIsVisible = 0;
			defaultConfigurationName = Release;
		};
/* End XCConfigurationList section */

/* Begin XCRemoteSwiftPackageReference section */
		97567A0B2AB9C6670057B0E2 /* XCRemoteSwiftPackageReference "swift-composable-architecture" */ = {
			isa = XCRemoteSwiftPackageReference;
			repositoryURL = "https://github.com/pointfreeco/swift-composable-architecture";
			requirement = {
				kind = upToNextMajorVersion;
				minimumVersion = 1.2.0;
			};
		};
		97567A0E2AB9C6A20057B0E2 /* XCRemoteSwiftPackageReference "SFUserFriendlySymbols" */ = {
			isa = XCRemoteSwiftPackageReference;
			repositoryURL = "https://github.com/littleossa/SFUserFriendlySymbols.git";
			requirement = {
				kind = upToNextMajorVersion;
				minimumVersion = 0.4.0;
			};
		};
/* End XCRemoteSwiftPackageReference section */

/* Begin XCSwiftPackageProductDependency section */
		97567A0C2AB9C6670057B0E2 /* ComposableArchitecture */ = {
			isa = XCSwiftPackageProductDependency;
			package = 97567A0B2AB9C6670057B0E2 /* XCRemoteSwiftPackageReference "swift-composable-architecture" */;
			productName = ComposableArchitecture;
		};
		97567A0F2AB9C6A20057B0E2 /* SFUserFriendlySymbols */ = {
			isa = XCSwiftPackageProductDependency;
			package = 97567A0E2AB9C6A20057B0E2 /* XCRemoteSwiftPackageReference "SFUserFriendlySymbols" */;
			productName = SFUserFriendlySymbols;
		};
/* End XCSwiftPackageProductDependency section */

/* Begin XCVersionGroup section */
		975679E42AB9C26B0057B0E2 /* SFSymbolsArtCreator.xcdatamodeld */ = {
			isa = XCVersionGroup;
			children = (
				975679E52AB9C26B0057B0E2 /* SFSymbolsArtCreator.xcdatamodel */,
			);
			currentVersion = 975679E52AB9C26B0057B0E2 /* SFSymbolsArtCreator.xcdatamodel */;
			path = SFSymbolsArtCreator.xcdatamodeld;
			sourceTree = "<group>";
			versionGroupType = wrapper.xcdatamodel;
		};
/* End XCVersionGroup section */
	};
	rootObject = 975679CE2AB9C2690057B0E2 /* Project object */;
}
