// !$*UTF8*$!
{
	archiveVersion = 1;
	classes = {
	};
	objectVersion = 56;
	objects = {

/* Begin PBXBuildFile section */
		975679DA2AB9C2690057B0E2 /* SFSymbolsArtCreatorApp.swift in Sources */ = {isa = PBXBuildFile; fileRef = 975679D92AB9C2690057B0E2 /* SFSymbolsArtCreatorApp.swift */; };
		975679DE2AB9C26B0057B0E2 /* Assets.xcassets in Resources */ = {isa = PBXBuildFile; fileRef = 975679DD2AB9C26B0057B0E2 /* Assets.xcassets */; };
		975679E12AB9C26B0057B0E2 /* Preview Assets.xcassets in Resources */ = {isa = PBXBuildFile; fileRef = 975679E02AB9C26B0057B0E2 /* Preview Assets.xcassets */; };
		975679E32AB9C26B0057B0E2 /* Persistence.swift in Sources */ = {isa = PBXBuildFile; fileRef = 975679E22AB9C26B0057B0E2 /* Persistence.swift */; };
		975679E62AB9C26B0057B0E2 /* SFSymbolsArtCreator.xcdatamodeld in Sources */ = {isa = PBXBuildFile; fileRef = 975679E42AB9C26B0057B0E2 /* SFSymbolsArtCreator.xcdatamodeld */; };
		97567A0D2AB9C6670057B0E2 /* ComposableArchitecture in Frameworks */ = {isa = PBXBuildFile; productRef = 97567A0C2AB9C6670057B0E2 /* ComposableArchitecture */; };
		97567A102AB9C6A20057B0E2 /* SFUserFriendlySymbols in Frameworks */ = {isa = PBXBuildFile; productRef = 97567A0F2AB9C6A20057B0E2 /* SFUserFriendlySymbols */; };
		97567A122AB9C6D80057B0E2 /* CatalogItemListView.swift in Sources */ = {isa = PBXBuildFile; fileRef = 97567A112AB9C6D80057B0E2 /* CatalogItemListView.swift */; };
		97567A152ABA4E1C0057B0E2 /* CatalogItemView.swift in Sources */ = {isa = PBXBuildFile; fileRef = 97567A142ABA4E1C0057B0E2 /* CatalogItemView.swift */; };
		97567A172ABC3D410057B0E2 /* SearchBar.swift in Sources */ = {isa = PBXBuildFile; fileRef = 97567A162ABC3D410057B0E2 /* SearchBar.swift */; };
		97671A102AC2301700648FD4 /* CatalogItemListFeatureTests.swift in Sources */ = {isa = PBXBuildFile; fileRef = 97671A0F2AC2301700648FD4 /* CatalogItemListFeatureTests.swift */; };
		97671A122AC2556900648FD4 /* CatalogSettingsFeatureTests.swift in Sources */ = {isa = PBXBuildFile; fileRef = 97671A112AC2556900648FD4 /* CatalogSettingsFeatureTests.swift */; };
		97671A142AC2575900648FD4 /* SymbolCatalogFeatureTests.swift in Sources */ = {isa = PBXBuildFile; fileRef = 97671A132AC2575900648FD4 /* SymbolCatalogFeatureTests.swift */; };
		97671A172AC30F3100648FD4 /* ColorToolBar.swift in Sources */ = {isa = PBXBuildFile; fileRef = 97671A162AC30F3100648FD4 /* ColorToolBar.swift */; };
		97671A192AC32F9800648FD4 /* ColorPickCircleButton.swift in Sources */ = {isa = PBXBuildFile; fileRef = 97671A182AC32F9800648FD4 /* ColorPickCircleButton.swift */; };
		97671A1D2AC3364100648FD4 /* ColorPickerView.swift in Sources */ = {isa = PBXBuildFile; fileRef = 97671A1C2AC3364100648FD4 /* ColorPickerView.swift */; };
		97671A1F2AC385CB00648FD4 /* ColorPickRectangleButton.swift in Sources */ = {isa = PBXBuildFile; fileRef = 97671A1E2AC385CB00648FD4 /* ColorPickRectangleButton.swift */; };
		97671A212AC39FC000648FD4 /* ColorToolFeatureTests.swift in Sources */ = {isa = PBXBuildFile; fileRef = 97671A202AC39FC000648FD4 /* ColorToolFeatureTests.swift */; };
		97671A242AC3A54B00648FD4 /* DrawToolBar.swift in Sources */ = {isa = PBXBuildFile; fileRef = 97671A232AC3A54B00648FD4 /* DrawToolBar.swift */; };
		97671A282AC3E16500648FD4 /* RenderingMenuButton.swift in Sources */ = {isa = PBXBuildFile; fileRef = 97671A272AC3E16500648FD4 /* RenderingMenuButton.swift */; };
		97671A2B2AC3E29C00648FD4 /* DrawToolFeatureTests.swift in Sources */ = {isa = PBXBuildFile; fileRef = 97671A2A2AC3E29C00648FD4 /* DrawToolFeatureTests.swift */; };
		97671A2F2AC4244700648FD4 /* MenuToolBar.swift in Sources */ = {isa = PBXBuildFile; fileRef = 97671A2E2AC4244700648FD4 /* MenuToolBar.swift */; };
		97671A342AC453EE00648FD4 /* ArtSymbol.swift in Sources */ = {isa = PBXBuildFile; fileRef = 97671A332AC453EE00648FD4 /* ArtSymbol.swift */; };
		97671A412AC45FB900648FD4 /* MovingDashFramedRectangle.swift in Sources */ = {isa = PBXBuildFile; fileRef = 97671A382AC45FB900648FD4 /* MovingDashFramedRectangle.swift */; };
		97671A422AC45FB900648FD4 /* BoundingBox.swift in Sources */ = {isa = PBXBuildFile; fileRef = 97671A392AC45FB900648FD4 /* BoundingBox.swift */; };
		97671A432AC45FB900648FD4 /* EditPointMark.swift in Sources */ = {isa = PBXBuildFile; fileRef = 97671A3B2AC45FB900648FD4 /* EditPointMark.swift */; };
		97671A442AC45FB900648FD4 /* EditPointsFramedRectangle.swift in Sources */ = {isa = PBXBuildFile; fileRef = 97671A3C2AC45FB900648FD4 /* EditPointsFramedRectangle.swift */; };
		97671A452AC45FB900648FD4 /* EditPoint.swift in Sources */ = {isa = PBXBuildFile; fileRef = 97671A3D2AC45FB900648FD4 /* EditPoint.swift */; };
		97671A462AC45FB900648FD4 /* EditPointScaling.swift in Sources */ = {isa = PBXBuildFile; fileRef = 97671A3E2AC45FB900648FD4 /* EditPointScaling.swift */; };
		97671A472AC45FB900648FD4 /* EditPointPosition.swift in Sources */ = {isa = PBXBuildFile; fileRef = 97671A3F2AC45FB900648FD4 /* EditPointPosition.swift */; };
		97671A482AC45FB900648FD4 /* EditPointFrame.swift in Sources */ = {isa = PBXBuildFile; fileRef = 97671A402AC45FB900648FD4 /* EditPointFrame.swift */; };
		97671A4A2AC4719900648FD4 /* EditFormType.swift in Sources */ = {isa = PBXBuildFile; fileRef = 97671A492AC4719900648FD4 /* EditFormType.swift */; };
		97671A4C2AC4724E00648FD4 /* FlipType.swift in Sources */ = {isa = PBXBuildFile; fileRef = 97671A4B2AC4724E00648FD4 /* FlipType.swift */; };
		97671A502AC4F4F900648FD4 /* View+BoundingBox.swift in Sources */ = {isa = PBXBuildFile; fileRef = 97671A4F2AC4F4F900648FD4 /* View+BoundingBox.swift */; };
		97671A522AC4F64900648FD4 /* ArtCanvasView.swift in Sources */ = {isa = PBXBuildFile; fileRef = 97671A512AC4F64900648FD4 /* ArtCanvasView.swift */; };
		97671A562AC54BE200648FD4 /* WorkSpace.swift in Sources */ = {isa = PBXBuildFile; fileRef = 97671A552AC54BE200648FD4 /* WorkSpace.swift */; };
		97671A582AC5C15800648FD4 /* ColorItem.swift in Sources */ = {isa = PBXBuildFile; fileRef = 97671A572AC5C15800648FD4 /* ColorItem.swift */; };
		97671A5B2AC5C77200648FD4 /* WorkSpaceFeatureTests.swift in Sources */ = {isa = PBXBuildFile; fileRef = 97671A5A2AC5C77200648FD4 /* WorkSpaceFeatureTests.swift */; };
		97671A5F2AC9603600648FD4 /* CatalogSymbolColorSettingView.swift in Sources */ = {isa = PBXBuildFile; fileRef = 97671A5E2AC9603600648FD4 /* CatalogSymbolColorSettingView.swift */; };
		97671A612ACA14E200648FD4 /* CatalogSymbolColorSettingFeatureTests.swift in Sources */ = {isa = PBXBuildFile; fileRef = 97671A602ACA14E200648FD4 /* CatalogSymbolColorSettingFeatureTests.swift */; };
		97671A632ACA3A7800648FD4 /* CatalogItem.swift in Sources */ = {isa = PBXBuildFile; fileRef = 97671A622ACA3A7800648FD4 /* CatalogItem.swift */; };
		97671A652ACAF0CC00648FD4 /* EditButtonTool.swift in Sources */ = {isa = PBXBuildFile; fileRef = 97671A642ACAF0CC00648FD4 /* EditButtonTool.swift */; };
		97671A692ACB0A0100648FD4 /* VerticalLabelButton.swift in Sources */ = {isa = PBXBuildFile; fileRef = 97671A682ACB0A0100648FD4 /* VerticalLabelButton.swift */; };
		97671A6B2ACB0A4800648FD4 /* VerticalSymbolLabelButton.swift in Sources */ = {isa = PBXBuildFile; fileRef = 97671A6A2ACB0A4800648FD4 /* VerticalSymbolLabelButton.swift */; };
		97671A6D2ACB87B500648FD4 /* Double+Extension.swift in Sources */ = {isa = PBXBuildFile; fileRef = 97671A6C2ACB87B500648FD4 /* Double+Extension.swift */; };
		97FCD5462ABDD9F5002795F6 /* Color+Extension.swift in Sources */ = {isa = PBXBuildFile; fileRef = 97FCD5452ABDD9F5002795F6 /* Color+Extension.swift */; };
		97FCD5482ABDEC56002795F6 /* RenderingType.swift in Sources */ = {isa = PBXBuildFile; fileRef = 97FCD5472ABDEC56002795F6 /* RenderingType.swift */; };
		97FCD54B2ABE3978002795F6 /* AccordionSettingView.swift in Sources */ = {isa = PBXBuildFile; fileRef = 97FCD54A2ABE3978002795F6 /* AccordionSettingView.swift */; };
		97FCD54E2AC061F6002795F6 /* CategorySettingView.swift in Sources */ = {isa = PBXBuildFile; fileRef = 97FCD54D2AC061F6002795F6 /* CategorySettingView.swift */; };
		97FCD5502AC06B1D002795F6 /* SymbolWeightSettingView.swift in Sources */ = {isa = PBXBuildFile; fileRef = 97FCD54F2AC06B1D002795F6 /* SymbolWeightSettingView.swift */; };
		97FCD5522AC071F5002795F6 /* CatalogBackgroundColorSettingView.swift in Sources */ = {isa = PBXBuildFile; fileRef = 97FCD5512AC071F5002795F6 /* CatalogBackgroundColorSettingView.swift */; };
		97FCD5542AC07C35002795F6 /* CatalogSettingsView.swift in Sources */ = {isa = PBXBuildFile; fileRef = 97FCD5532AC07C35002795F6 /* CatalogSettingsView.swift */; };
		97FCD5562AC0882D002795F6 /* SymbolCatalogView.swift in Sources */ = {isa = PBXBuildFile; fileRef = 97FCD5552AC0882D002795F6 /* SymbolCatalogView.swift */; };
/* End PBXBuildFile section */

/* Begin PBXContainerItemProxy section */
		975679EC2AB9C26B0057B0E2 /* PBXContainerItemProxy */ = {
			isa = PBXContainerItemProxy;
			containerPortal = 975679CE2AB9C2690057B0E2 /* Project object */;
			proxyType = 1;
			remoteGlobalIDString = 975679D52AB9C2690057B0E2;
			remoteInfo = SFSymbolsArtCreator;
		};
/* End PBXContainerItemProxy section */

/* Begin PBXFileReference section */
		975679D62AB9C2690057B0E2 /* SFSymbolsArtCreator.app */ = {isa = PBXFileReference; explicitFileType = wrapper.application; includeInIndex = 0; path = SFSymbolsArtCreator.app; sourceTree = BUILT_PRODUCTS_DIR; };
		975679D92AB9C2690057B0E2 /* SFSymbolsArtCreatorApp.swift */ = {isa = PBXFileReference; lastKnownFileType = sourcecode.swift; path = SFSymbolsArtCreatorApp.swift; sourceTree = "<group>"; };
		975679DD2AB9C26B0057B0E2 /* Assets.xcassets */ = {isa = PBXFileReference; lastKnownFileType = folder.assetcatalog; path = Assets.xcassets; sourceTree = "<group>"; };
		975679E02AB9C26B0057B0E2 /* Preview Assets.xcassets */ = {isa = PBXFileReference; lastKnownFileType = folder.assetcatalog; path = "Preview Assets.xcassets"; sourceTree = "<group>"; };
		975679E22AB9C26B0057B0E2 /* Persistence.swift */ = {isa = PBXFileReference; lastKnownFileType = sourcecode.swift; path = Persistence.swift; sourceTree = "<group>"; };
		975679E52AB9C26B0057B0E2 /* SFSymbolsArtCreator.xcdatamodel */ = {isa = PBXFileReference; lastKnownFileType = wrapper.xcdatamodel; path = SFSymbolsArtCreator.xcdatamodel; sourceTree = "<group>"; };
		975679EB2AB9C26B0057B0E2 /* SFSymbolsArtCreatorTests.xctest */ = {isa = PBXFileReference; explicitFileType = wrapper.cfbundle; includeInIndex = 0; path = SFSymbolsArtCreatorTests.xctest; sourceTree = BUILT_PRODUCTS_DIR; };
		97567A112AB9C6D80057B0E2 /* CatalogItemListView.swift */ = {isa = PBXFileReference; lastKnownFileType = sourcecode.swift; path = CatalogItemListView.swift; sourceTree = "<group>"; };
		97567A142ABA4E1C0057B0E2 /* CatalogItemView.swift */ = {isa = PBXFileReference; lastKnownFileType = sourcecode.swift; path = CatalogItemView.swift; sourceTree = "<group>"; };
		97567A162ABC3D410057B0E2 /* SearchBar.swift */ = {isa = PBXFileReference; lastKnownFileType = sourcecode.swift; path = SearchBar.swift; sourceTree = "<group>"; };
		97671A0F2AC2301700648FD4 /* CatalogItemListFeatureTests.swift */ = {isa = PBXFileReference; lastKnownFileType = sourcecode.swift; path = CatalogItemListFeatureTests.swift; sourceTree = "<group>"; };
		97671A112AC2556900648FD4 /* CatalogSettingsFeatureTests.swift */ = {isa = PBXFileReference; lastKnownFileType = sourcecode.swift; path = CatalogSettingsFeatureTests.swift; sourceTree = "<group>"; };
		97671A132AC2575900648FD4 /* SymbolCatalogFeatureTests.swift */ = {isa = PBXFileReference; lastKnownFileType = sourcecode.swift; path = SymbolCatalogFeatureTests.swift; sourceTree = "<group>"; };
		97671A162AC30F3100648FD4 /* ColorToolBar.swift */ = {isa = PBXFileReference; lastKnownFileType = sourcecode.swift; path = ColorToolBar.swift; sourceTree = "<group>"; };
		97671A182AC32F9800648FD4 /* ColorPickCircleButton.swift */ = {isa = PBXFileReference; lastKnownFileType = sourcecode.swift; path = ColorPickCircleButton.swift; sourceTree = "<group>"; };
		97671A1C2AC3364100648FD4 /* ColorPickerView.swift */ = {isa = PBXFileReference; lastKnownFileType = sourcecode.swift; path = ColorPickerView.swift; sourceTree = "<group>"; };
		97671A1E2AC385CB00648FD4 /* ColorPickRectangleButton.swift */ = {isa = PBXFileReference; lastKnownFileType = sourcecode.swift; path = ColorPickRectangleButton.swift; sourceTree = "<group>"; };
		97671A202AC39FC000648FD4 /* ColorToolFeatureTests.swift */ = {isa = PBXFileReference; lastKnownFileType = sourcecode.swift; path = ColorToolFeatureTests.swift; sourceTree = "<group>"; };
		97671A232AC3A54B00648FD4 /* DrawToolBar.swift */ = {isa = PBXFileReference; lastKnownFileType = sourcecode.swift; path = DrawToolBar.swift; sourceTree = "<group>"; };
		97671A272AC3E16500648FD4 /* RenderingMenuButton.swift */ = {isa = PBXFileReference; lastKnownFileType = sourcecode.swift; path = RenderingMenuButton.swift; sourceTree = "<group>"; };
		97671A2A2AC3E29C00648FD4 /* DrawToolFeatureTests.swift */ = {isa = PBXFileReference; lastKnownFileType = sourcecode.swift; path = DrawToolFeatureTests.swift; sourceTree = "<group>"; };
		97671A2E2AC4244700648FD4 /* MenuToolBar.swift */ = {isa = PBXFileReference; lastKnownFileType = sourcecode.swift; path = MenuToolBar.swift; sourceTree = "<group>"; };
		97671A332AC453EE00648FD4 /* ArtSymbol.swift */ = {isa = PBXFileReference; lastKnownFileType = sourcecode.swift; path = ArtSymbol.swift; sourceTree = "<group>"; };
		97671A382AC45FB900648FD4 /* MovingDashFramedRectangle.swift */ = {isa = PBXFileReference; fileEncoding = 4; lastKnownFileType = sourcecode.swift; path = MovingDashFramedRectangle.swift; sourceTree = "<group>"; };
		97671A392AC45FB900648FD4 /* BoundingBox.swift */ = {isa = PBXFileReference; fileEncoding = 4; lastKnownFileType = sourcecode.swift; path = BoundingBox.swift; sourceTree = "<group>"; };
		97671A3B2AC45FB900648FD4 /* EditPointMark.swift */ = {isa = PBXFileReference; fileEncoding = 4; lastKnownFileType = sourcecode.swift; path = EditPointMark.swift; sourceTree = "<group>"; };
		97671A3C2AC45FB900648FD4 /* EditPointsFramedRectangle.swift */ = {isa = PBXFileReference; fileEncoding = 4; lastKnownFileType = sourcecode.swift; path = EditPointsFramedRectangle.swift; sourceTree = "<group>"; };
		97671A3D2AC45FB900648FD4 /* EditPoint.swift */ = {isa = PBXFileReference; fileEncoding = 4; lastKnownFileType = sourcecode.swift; path = EditPoint.swift; sourceTree = "<group>"; };
		97671A3E2AC45FB900648FD4 /* EditPointScaling.swift */ = {isa = PBXFileReference; fileEncoding = 4; lastKnownFileType = sourcecode.swift; path = EditPointScaling.swift; sourceTree = "<group>"; };
		97671A3F2AC45FB900648FD4 /* EditPointPosition.swift */ = {isa = PBXFileReference; fileEncoding = 4; lastKnownFileType = sourcecode.swift; path = EditPointPosition.swift; sourceTree = "<group>"; };
		97671A402AC45FB900648FD4 /* EditPointFrame.swift */ = {isa = PBXFileReference; fileEncoding = 4; lastKnownFileType = sourcecode.swift; path = EditPointFrame.swift; sourceTree = "<group>"; };
		97671A492AC4719900648FD4 /* EditFormType.swift */ = {isa = PBXFileReference; lastKnownFileType = sourcecode.swift; path = EditFormType.swift; sourceTree = "<group>"; };
		97671A4B2AC4724E00648FD4 /* FlipType.swift */ = {isa = PBXFileReference; lastKnownFileType = sourcecode.swift; path = FlipType.swift; sourceTree = "<group>"; };
		97671A4F2AC4F4F900648FD4 /* View+BoundingBox.swift */ = {isa = PBXFileReference; lastKnownFileType = sourcecode.swift; path = "View+BoundingBox.swift"; sourceTree = "<group>"; };
		97671A512AC4F64900648FD4 /* ArtCanvasView.swift */ = {isa = PBXFileReference; lastKnownFileType = sourcecode.swift; path = ArtCanvasView.swift; sourceTree = "<group>"; };
		97671A552AC54BE200648FD4 /* WorkSpace.swift */ = {isa = PBXFileReference; lastKnownFileType = sourcecode.swift; path = WorkSpace.swift; sourceTree = "<group>"; };
		97671A572AC5C15800648FD4 /* ColorItem.swift */ = {isa = PBXFileReference; lastKnownFileType = sourcecode.swift; path = ColorItem.swift; sourceTree = "<group>"; };
		97671A5A2AC5C77200648FD4 /* WorkSpaceFeatureTests.swift */ = {isa = PBXFileReference; lastKnownFileType = sourcecode.swift; path = WorkSpaceFeatureTests.swift; sourceTree = "<group>"; };
		97671A5E2AC9603600648FD4 /* CatalogSymbolColorSettingView.swift */ = {isa = PBXFileReference; lastKnownFileType = sourcecode.swift; path = CatalogSymbolColorSettingView.swift; sourceTree = "<group>"; };
		97671A602ACA14E200648FD4 /* CatalogSymbolColorSettingFeatureTests.swift */ = {isa = PBXFileReference; lastKnownFileType = sourcecode.swift; path = CatalogSymbolColorSettingFeatureTests.swift; sourceTree = "<group>"; };
		97671A622ACA3A7800648FD4 /* CatalogItem.swift */ = {isa = PBXFileReference; lastKnownFileType = sourcecode.swift; path = CatalogItem.swift; sourceTree = "<group>"; };
		97671A642ACAF0CC00648FD4 /* EditButtonTool.swift */ = {isa = PBXFileReference; lastKnownFileType = sourcecode.swift; path = EditButtonTool.swift; sourceTree = "<group>"; };
		97671A682ACB0A0100648FD4 /* VerticalLabelButton.swift */ = {isa = PBXFileReference; lastKnownFileType = sourcecode.swift; path = VerticalLabelButton.swift; sourceTree = "<group>"; };
		97671A6A2ACB0A4800648FD4 /* VerticalSymbolLabelButton.swift */ = {isa = PBXFileReference; lastKnownFileType = sourcecode.swift; path = VerticalSymbolLabelButton.swift; sourceTree = "<group>"; };
		97671A6C2ACB87B500648FD4 /* Double+Extension.swift */ = {isa = PBXFileReference; lastKnownFileType = sourcecode.swift; path = "Double+Extension.swift"; sourceTree = "<group>"; };
		97FCD5452ABDD9F5002795F6 /* Color+Extension.swift */ = {isa = PBXFileReference; lastKnownFileType = sourcecode.swift; path = "Color+Extension.swift"; sourceTree = "<group>"; };
		97FCD5472ABDEC56002795F6 /* RenderingType.swift */ = {isa = PBXFileReference; lastKnownFileType = sourcecode.swift; path = RenderingType.swift; sourceTree = "<group>"; };
		97FCD54A2ABE3978002795F6 /* AccordionSettingView.swift */ = {isa = PBXFileReference; lastKnownFileType = sourcecode.swift; path = AccordionSettingView.swift; sourceTree = "<group>"; };
		97FCD54D2AC061F6002795F6 /* CategorySettingView.swift */ = {isa = PBXFileReference; lastKnownFileType = sourcecode.swift; path = CategorySettingView.swift; sourceTree = "<group>"; };
		97FCD54F2AC06B1D002795F6 /* SymbolWeightSettingView.swift */ = {isa = PBXFileReference; lastKnownFileType = sourcecode.swift; path = SymbolWeightSettingView.swift; sourceTree = "<group>"; };
		97FCD5512AC071F5002795F6 /* CatalogBackgroundColorSettingView.swift */ = {isa = PBXFileReference; lastKnownFileType = sourcecode.swift; path = CatalogBackgroundColorSettingView.swift; sourceTree = "<group>"; };
		97FCD5532AC07C35002795F6 /* CatalogSettingsView.swift */ = {isa = PBXFileReference; lastKnownFileType = sourcecode.swift; path = CatalogSettingsView.swift; sourceTree = "<group>"; };
		97FCD5552AC0882D002795F6 /* SymbolCatalogView.swift */ = {isa = PBXFileReference; lastKnownFileType = sourcecode.swift; path = SymbolCatalogView.swift; sourceTree = "<group>"; };
/* End PBXFileReference section */

/* Begin PBXFrameworksBuildPhase section */
		975679D32AB9C2690057B0E2 /* Frameworks */ = {
			isa = PBXFrameworksBuildPhase;
			buildActionMask = 2147483647;
			files = (
				97567A0D2AB9C6670057B0E2 /* ComposableArchitecture in Frameworks */,
				97567A102AB9C6A20057B0E2 /* SFUserFriendlySymbols in Frameworks */,
			);
			runOnlyForDeploymentPostprocessing = 0;
		};
		975679E82AB9C26B0057B0E2 /* Frameworks */ = {
			isa = PBXFrameworksBuildPhase;
			buildActionMask = 2147483647;
			files = (
			);
			runOnlyForDeploymentPostprocessing = 0;
		};
/* End PBXFrameworksBuildPhase section */

/* Begin PBXGroup section */
		975679CD2AB9C2690057B0E2 = {
			isa = PBXGroup;
			children = (
				975679D82AB9C2690057B0E2 /* SFSymbolsArtCreator */,
				975679EE2AB9C26B0057B0E2 /* SFSymbolsArtCreatorTests */,
				975679D72AB9C2690057B0E2 /* Products */,
			);
			sourceTree = "<group>";
		};
		975679D72AB9C2690057B0E2 /* Products */ = {
			isa = PBXGroup;
			children = (
				975679D62AB9C2690057B0E2 /* SFSymbolsArtCreator.app */,
				975679EB2AB9C26B0057B0E2 /* SFSymbolsArtCreatorTests.xctest */,
			);
			name = Products;
			sourceTree = "<group>";
		};
		975679D82AB9C2690057B0E2 /* SFSymbolsArtCreator */ = {
			isa = PBXGroup;
			children = (
				975679D92AB9C2690057B0E2 /* SFSymbolsArtCreatorApp.swift */,
				97671A542AC54A3600648FD4 /* WorkSpace */,
				975679DD2AB9C26B0057B0E2 /* Assets.xcassets */,
				97567A082AB9C4BF0057B0E2 /* DataStore */,
				97FCD5492ABE35F5002795F6 /* Models */,
				97FCD5442ABDD9C9002795F6 /* Extensions */,
				975679DF2AB9C26B0057B0E2 /* Preview Content */,
			);
			path = SFSymbolsArtCreator;
			sourceTree = "<group>";
		};
		975679DF2AB9C26B0057B0E2 /* Preview Content */ = {
			isa = PBXGroup;
			children = (
				975679E02AB9C26B0057B0E2 /* Preview Assets.xcassets */,
			);
			path = "Preview Content";
			sourceTree = "<group>";
		};
		975679EE2AB9C26B0057B0E2 /* SFSymbolsArtCreatorTests */ = {
			isa = PBXGroup;
			children = (
				97671A292AC3E28300648FD4 /* DrawToolBarTests */,
				97671A222AC3A2B100648FD4 /* ColorToolBarTests */,
				97671A152AC25D4400648FD4 /* SymbolCatalogTests */,
				97671A592AC5C73100648FD4 /* WorkSpaceTests */,
			);
			path = SFSymbolsArtCreatorTests;
			sourceTree = "<group>";
		};
		97567A082AB9C4BF0057B0E2 /* DataStore */ = {
			isa = PBXGroup;
			children = (
				97567A092AB9C5170057B0E2 /* CoreData */,
			);
			path = DataStore;
			sourceTree = "<group>";
		};
		97567A092AB9C5170057B0E2 /* CoreData */ = {
			isa = PBXGroup;
			children = (
				975679E22AB9C26B0057B0E2 /* Persistence.swift */,
				975679E42AB9C26B0057B0E2 /* SFSymbolsArtCreator.xcdatamodeld */,
			);
			path = CoreData;
			sourceTree = "<group>";
		};
		97567A0A2AB9C5B90057B0E2 /* SymbolCatalog */ = {
			isa = PBXGroup;
			children = (
				97567A112AB9C6D80057B0E2 /* CatalogItemListView.swift */,
				97FCD5532AC07C35002795F6 /* CatalogSettingsView.swift */,
				97671A5E2AC9603600648FD4 /* CatalogSymbolColorSettingView.swift */,
				97FCD5552AC0882D002795F6 /* SymbolCatalogView.swift */,
				97567A132ABA4D790057B0E2 /* Components */,
			);
			path = SymbolCatalog;
			sourceTree = "<group>";
		};
		97567A132ABA4D790057B0E2 /* Components */ = {
			isa = PBXGroup;
			children = (
				97FCD54A2ABE3978002795F6 /* AccordionSettingView.swift */,
				97FCD5512AC071F5002795F6 /* CatalogBackgroundColorSettingView.swift */,
				97567A142ABA4E1C0057B0E2 /* CatalogItemView.swift */,
				97FCD54D2AC061F6002795F6 /* CategorySettingView.swift */,
				97567A162ABC3D410057B0E2 /* SearchBar.swift */,
				97FCD54F2AC06B1D002795F6 /* SymbolWeightSettingView.swift */,
			);
			path = Components;
			sourceTree = "<group>";
		};
		97671A152AC25D4400648FD4 /* SymbolCatalogTests */ = {
			isa = PBXGroup;
			children = (
				97671A0F2AC2301700648FD4 /* CatalogItemListFeatureTests.swift */,
				97671A112AC2556900648FD4 /* CatalogSettingsFeatureTests.swift */,
				97671A602ACA14E200648FD4 /* CatalogSymbolColorSettingFeatureTests.swift */,
				97671A132AC2575900648FD4 /* SymbolCatalogFeatureTests.swift */,
			);
			path = SymbolCatalogTests;
			sourceTree = "<group>";
		};
		97671A1A2AC3359600648FD4 /* ColorToolBar */ = {
			isa = PBXGroup;
			children = (
				97671A162AC30F3100648FD4 /* ColorToolBar.swift */,
				97671A1B2AC335E500648FD4 /* Components */,
			);
			path = ColorToolBar;
			sourceTree = "<group>";
		};
		97671A1B2AC335E500648FD4 /* Components */ = {
			isa = PBXGroup;
			children = (
				97671A182AC32F9800648FD4 /* ColorPickCircleButton.swift */,
				97671A1C2AC3364100648FD4 /* ColorPickerView.swift */,
				97671A1E2AC385CB00648FD4 /* ColorPickRectangleButton.swift */,
			);
			path = Components;
			sourceTree = "<group>";
		};
		97671A222AC3A2B100648FD4 /* ColorToolBarTests */ = {
			isa = PBXGroup;
			children = (
				97671A202AC39FC000648FD4 /* ColorToolFeatureTests.swift */,
			);
			path = ColorToolBarTests;
			sourceTree = "<group>";
		};
		97671A252AC3E11000648FD4 /* DrawToolBar */ = {
			isa = PBXGroup;
			children = (
				97671A232AC3A54B00648FD4 /* DrawToolBar.swift */,
				97671A262AC3E14B00648FD4 /* Components */,
			);
			path = DrawToolBar;
			sourceTree = "<group>";
		};
		97671A262AC3E14B00648FD4 /* Components */ = {
			isa = PBXGroup;
			children = (
				97671A272AC3E16500648FD4 /* RenderingMenuButton.swift */,
			);
			path = Components;
			sourceTree = "<group>";
		};
		97671A292AC3E28300648FD4 /* DrawToolBarTests */ = {
			isa = PBXGroup;
			children = (
				97671A2A2AC3E29C00648FD4 /* DrawToolFeatureTests.swift */,
			);
			path = DrawToolBarTests;
			sourceTree = "<group>";
		};
		97671A2D2AC4242900648FD4 /* MenuToolBar */ = {
			isa = PBXGroup;
			children = (
				97671A2E2AC4244700648FD4 /* MenuToolBar.swift */,
			);
			path = MenuToolBar;
			sourceTree = "<group>";
		};
		97671A372AC45FB900648FD4 /* BoundingBox */ = {
			isa = PBXGroup;
			children = (
				97671A392AC45FB900648FD4 /* BoundingBox.swift */,
				97671A4F2AC4F4F900648FD4 /* View+BoundingBox.swift */,
				97671A4E2AC473A400648FD4 /* Components */,
			);
			path = BoundingBox;
			sourceTree = "<group>";
		};
		97671A3A2AC45FB900648FD4 /* EditPoint */ = {
			isa = PBXGroup;
			children = (
				97671A3D2AC45FB900648FD4 /* EditPoint.swift */,
				97671A3B2AC45FB900648FD4 /* EditPointMark.swift */,
				97671A3C2AC45FB900648FD4 /* EditPointsFramedRectangle.swift */,
				97671A4D2AC4734E00648FD4 /* Models */,
			);
			path = EditPoint;
			sourceTree = "<group>";
		};
		97671A4D2AC4734E00648FD4 /* Models */ = {
			isa = PBXGroup;
			children = (
				97671A402AC45FB900648FD4 /* EditPointFrame.swift */,
				97671A3F2AC45FB900648FD4 /* EditPointPosition.swift */,
				97671A3E2AC45FB900648FD4 /* EditPointScaling.swift */,
			);
			path = Models;
			sourceTree = "<group>";
		};
		97671A4E2AC473A400648FD4 /* Components */ = {
			isa = PBXGroup;
			children = (
				97671A382AC45FB900648FD4 /* MovingDashFramedRectangle.swift */,
				97671A3A2AC45FB900648FD4 /* EditPoint */,
			);
			path = Components;
			sourceTree = "<group>";
		};
		97671A532AC4FA8400648FD4 /* ArtCanvas */ = {
			isa = PBXGroup;
			children = (
				97671A512AC4F64900648FD4 /* ArtCanvasView.swift */,
				97671A332AC453EE00648FD4 /* ArtSymbol.swift */,
				97671A372AC45FB900648FD4 /* BoundingBox */,
			);
			path = ArtCanvas;
			sourceTree = "<group>";
		};
		97671A542AC54A3600648FD4 /* WorkSpace */ = {
			isa = PBXGroup;
			children = (
				97671A552AC54BE200648FD4 /* WorkSpace.swift */,
				97671A662ACAF0DE00648FD4 /* EditPanel */,
				97671A532AC4FA8400648FD4 /* ArtCanvas */,
				97671A1A2AC3359600648FD4 /* ColorToolBar */,
				97671A252AC3E11000648FD4 /* DrawToolBar */,
				97671A2D2AC4242900648FD4 /* MenuToolBar */,
				97567A0A2AB9C5B90057B0E2 /* SymbolCatalog */,
			);
			path = WorkSpace;
			sourceTree = "<group>";
		};
		97671A592AC5C73100648FD4 /* WorkSpaceTests */ = {
			isa = PBXGroup;
			children = (
				97671A5A2AC5C77200648FD4 /* WorkSpaceFeatureTests.swift */,
			);
			path = WorkSpaceTests;
			sourceTree = "<group>";
		};
		97671A662ACAF0DE00648FD4 /* EditPanel */ = {
			isa = PBXGroup;
			children = (
				97671A642ACAF0CC00648FD4 /* EditButtonTool.swift */,
				97671A672ACB09D500648FD4 /* Components */,
			);
			path = EditPanel;
			sourceTree = "<group>";
		};
		97671A672ACB09D500648FD4 /* Components */ = {
			isa = PBXGroup;
			children = (
				97671A682ACB0A0100648FD4 /* VerticalLabelButton.swift */,
				97671A6A2ACB0A4800648FD4 /* VerticalSymbolLabelButton.swift */,
			);
			path = Components;
			sourceTree = "<group>";
		};
		97FCD5442ABDD9C9002795F6 /* Extensions */ = {
			isa = PBXGroup;
			children = (
				97FCD5452ABDD9F5002795F6 /* Color+Extension.swift */,
				97671A6C2ACB87B500648FD4 /* Double+Extension.swift */,
			);
			path = Extensions;
			sourceTree = "<group>";
		};
		97FCD5492ABE35F5002795F6 /* Models */ = {
			isa = PBXGroup;
			children = (
				97671A492AC4719900648FD4 /* EditFormType.swift */,
				97671A622ACA3A7800648FD4 /* CatalogItem.swift */,
				97671A4B2AC4724E00648FD4 /* FlipType.swift */,
				97FCD5472ABDEC56002795F6 /* RenderingType.swift */,
				97671A572AC5C15800648FD4 /* ColorItem.swift */,
			);
			path = Models;
			sourceTree = "<group>";
		};
/* End PBXGroup section */

/* Begin PBXNativeTarget section */
		975679D52AB9C2690057B0E2 /* SFSymbolsArtCreator */ = {
			isa = PBXNativeTarget;
			buildConfigurationList = 975679FF2AB9C26B0057B0E2 /* Build configuration list for PBXNativeTarget "SFSymbolsArtCreator" */;
			buildPhases = (
				975679D22AB9C2690057B0E2 /* Sources */,
				975679D32AB9C2690057B0E2 /* Frameworks */,
				975679D42AB9C2690057B0E2 /* Resources */,
			);
			buildRules = (
			);
			dependencies = (
			);
			name = SFSymbolsArtCreator;
			packageProductDependencies = (
				97567A0C2AB9C6670057B0E2 /* ComposableArchitecture */,
				97567A0F2AB9C6A20057B0E2 /* SFUserFriendlySymbols */,
			);
			productName = SFSymbolsArtCreator;
			productReference = 975679D62AB9C2690057B0E2 /* SFSymbolsArtCreator.app */;
			productType = "com.apple.product-type.application";
		};
		975679EA2AB9C26B0057B0E2 /* SFSymbolsArtCreatorTests */ = {
			isa = PBXNativeTarget;
			buildConfigurationList = 97567A022AB9C26B0057B0E2 /* Build configuration list for PBXNativeTarget "SFSymbolsArtCreatorTests" */;
			buildPhases = (
				975679E72AB9C26B0057B0E2 /* Sources */,
				975679E82AB9C26B0057B0E2 /* Frameworks */,
				975679E92AB9C26B0057B0E2 /* Resources */,
			);
			buildRules = (
			);
			dependencies = (
				975679ED2AB9C26B0057B0E2 /* PBXTargetDependency */,
			);
			name = SFSymbolsArtCreatorTests;
			productName = SFSymbolsArtCreatorTests;
			productReference = 975679EB2AB9C26B0057B0E2 /* SFSymbolsArtCreatorTests.xctest */;
			productType = "com.apple.product-type.bundle.unit-test";
		};
/* End PBXNativeTarget section */

/* Begin PBXProject section */
		975679CE2AB9C2690057B0E2 /* Project object */ = {
			isa = PBXProject;
			attributes = {
				BuildIndependentTargetsInParallel = 1;
				LastSwiftUpdateCheck = 1500;
				LastUpgradeCheck = 1500;
				TargetAttributes = {
					975679D52AB9C2690057B0E2 = {
						CreatedOnToolsVersion = 15.0;
					};
					975679EA2AB9C26B0057B0E2 = {
						CreatedOnToolsVersion = 15.0;
						TestTargetID = 975679D52AB9C2690057B0E2;
					};
				};
			};
			buildConfigurationList = 975679D12AB9C2690057B0E2 /* Build configuration list for PBXProject "SFSymbolsArtCreator" */;
			compatibilityVersion = "Xcode 14.0";
			developmentRegion = en;
			hasScannedForEncodings = 0;
			knownRegions = (
				en,
				Base,
			);
			mainGroup = 975679CD2AB9C2690057B0E2;
			packageReferences = (
				97567A0B2AB9C6670057B0E2 /* XCRemoteSwiftPackageReference "swift-composable-architecture" */,
				97567A0E2AB9C6A20057B0E2 /* XCRemoteSwiftPackageReference "SFUserFriendlySymbols" */,
			);
			productRefGroup = 975679D72AB9C2690057B0E2 /* Products */;
			projectDirPath = "";
			projectRoot = "";
			targets = (
				975679D52AB9C2690057B0E2 /* SFSymbolsArtCreator */,
				975679EA2AB9C26B0057B0E2 /* SFSymbolsArtCreatorTests */,
			);
		};
/* End PBXProject section */

/* Begin PBXResourcesBuildPhase section */
		975679D42AB9C2690057B0E2 /* Resources */ = {
			isa = PBXResourcesBuildPhase;
			buildActionMask = 2147483647;
			files = (
				975679E12AB9C26B0057B0E2 /* Preview Assets.xcassets in Resources */,
				975679DE2AB9C26B0057B0E2 /* Assets.xcassets in Resources */,
			);
			runOnlyForDeploymentPostprocessing = 0;
		};
		975679E92AB9C26B0057B0E2 /* Resources */ = {
			isa = PBXResourcesBuildPhase;
			buildActionMask = 2147483647;
			files = (
			);
			runOnlyForDeploymentPostprocessing = 0;
		};
/* End PBXResourcesBuildPhase section */

/* Begin PBXSourcesBuildPhase section */
		975679D22AB9C2690057B0E2 /* Sources */ = {
			isa = PBXSourcesBuildPhase;
			buildActionMask = 2147483647;
			files = (
				97671A582AC5C15800648FD4 /* ColorItem.swift in Sources */,
				97FCD5522AC071F5002795F6 /* CatalogBackgroundColorSettingView.swift in Sources */,
				97671A6D2ACB87B500648FD4 /* Double+Extension.swift in Sources */,
				97671A4C2AC4724E00648FD4 /* FlipType.swift in Sources */,
				97FCD54E2AC061F6002795F6 /* CategorySettingView.swift in Sources */,
				97FCD5562AC0882D002795F6 /* SymbolCatalogView.swift in Sources */,
				97671A2F2AC4244700648FD4 /* MenuToolBar.swift in Sources */,
				97671A652ACAF0CC00648FD4 /* EditButtonTool.swift in Sources */,
				97671A432AC45FB900648FD4 /* EditPointMark.swift in Sources */,
				97567A172ABC3D410057B0E2 /* SearchBar.swift in Sources */,
				97671A6B2ACB0A4800648FD4 /* VerticalSymbolLabelButton.swift in Sources */,
				97567A122AB9C6D80057B0E2 /* CatalogItemListView.swift in Sources */,
				97567A152ABA4E1C0057B0E2 /* CatalogItemView.swift in Sources */,
				97671A4A2AC4719900648FD4 /* EditFormType.swift in Sources */,
				97671A342AC453EE00648FD4 /* ArtSymbol.swift in Sources */,
				97671A5F2AC9603600648FD4 /* CatalogSymbolColorSettingView.swift in Sources */,
				97671A1F2AC385CB00648FD4 /* ColorPickRectangleButton.swift in Sources */,
				97671A242AC3A54B00648FD4 /* DrawToolBar.swift in Sources */,
				97671A482AC45FB900648FD4 /* EditPointFrame.swift in Sources */,
				97671A632ACA3A7800648FD4 /* CatalogItem.swift in Sources */,
				975679E32AB9C26B0057B0E2 /* Persistence.swift in Sources */,
				975679E62AB9C26B0057B0E2 /* SFSymbolsArtCreator.xcdatamodeld in Sources */,
				97671A562AC54BE200648FD4 /* WorkSpace.swift in Sources */,
				97671A452AC45FB900648FD4 /* EditPoint.swift in Sources */,
				97671A472AC45FB900648FD4 /* EditPointPosition.swift in Sources */,
				97671A282AC3E16500648FD4 /* RenderingMenuButton.swift in Sources */,
				97671A412AC45FB900648FD4 /* MovingDashFramedRectangle.swift in Sources */,
				97671A442AC45FB900648FD4 /* EditPointsFramedRectangle.swift in Sources */,
				97671A692ACB0A0100648FD4 /* VerticalLabelButton.swift in Sources */,
				97671A422AC45FB900648FD4 /* BoundingBox.swift in Sources */,
				97671A1D2AC3364100648FD4 /* ColorPickerView.swift in Sources */,
				97671A522AC4F64900648FD4 /* ArtCanvasView.swift in Sources */,
				97671A172AC30F3100648FD4 /* ColorToolBar.swift in Sources */,
				97FCD5502AC06B1D002795F6 /* SymbolWeightSettingView.swift in Sources */,
				97671A462AC45FB900648FD4 /* EditPointScaling.swift in Sources */,
				97671A192AC32F9800648FD4 /* ColorPickCircleButton.swift in Sources */,
				97FCD5542AC07C35002795F6 /* CatalogSettingsView.swift in Sources */,
				975679DA2AB9C2690057B0E2 /* SFSymbolsArtCreatorApp.swift in Sources */,
				97FCD5462ABDD9F5002795F6 /* Color+Extension.swift in Sources */,
				97FCD54B2ABE3978002795F6 /* AccordionSettingView.swift in Sources */,
				97671A502AC4F4F900648FD4 /* View+BoundingBox.swift in Sources */,
				97FCD5482ABDEC56002795F6 /* RenderingType.swift in Sources */,
			);
			runOnlyForDeploymentPostprocessing = 0;
		};
		975679E72AB9C26B0057B0E2 /* Sources */ = {
			isa = PBXSourcesBuildPhase;
			buildActionMask = 2147483647;
			files = (
				97671A612ACA14E200648FD4 /* CatalogSymbolColorSettingFeatureTests.swift in Sources */,
				97671A5B2AC5C77200648FD4 /* WorkSpaceFeatureTests.swift in Sources */,
				97671A2B2AC3E29C00648FD4 /* DrawToolFeatureTests.swift in Sources */,
				97671A212AC39FC000648FD4 /* ColorToolFeatureTests.swift in Sources */,
				97671A102AC2301700648FD4 /* CatalogItemListFeatureTests.swift in Sources */,
				97671A142AC2575900648FD4 /* SymbolCatalogFeatureTests.swift in Sources */,
				97671A122AC2556900648FD4 /* CatalogSettingsFeatureTests.swift in Sources */,
			);
			runOnlyForDeploymentPostprocessing = 0;
		};
/* End PBXSourcesBuildPhase section */

/* Begin PBXTargetDependency section */
		975679ED2AB9C26B0057B0E2 /* PBXTargetDependency */ = {
			isa = PBXTargetDependency;
			target = 975679D52AB9C2690057B0E2 /* SFSymbolsArtCreator */;
			targetProxy = 975679EC2AB9C26B0057B0E2 /* PBXContainerItemProxy */;
		};
/* End PBXTargetDependency section */

/* Begin XCBuildConfiguration section */
		975679FD2AB9C26B0057B0E2 /* Debug */ = {
			isa = XCBuildConfiguration;
			buildSettings = {
				ALWAYS_SEARCH_USER_PATHS = NO;
				ASSETCATALOG_COMPILER_GENERATE_SWIFT_ASSET_SYMBOL_EXTENSIONS = YES;
				CLANG_ANALYZER_NONNULL = YES;
				CLANG_ANALYZER_NUMBER_OBJECT_CONVERSION = YES_AGGRESSIVE;
				CLANG_CXX_LANGUAGE_STANDARD = "gnu++20";
				CLANG_ENABLE_MODULES = YES;
				CLANG_ENABLE_OBJC_ARC = YES;
				CLANG_ENABLE_OBJC_WEAK = YES;
				CLANG_WARN_BLOCK_CAPTURE_AUTORELEASING = YES;
				CLANG_WARN_BOOL_CONVERSION = YES;
				CLANG_WARN_COMMA = YES;
				CLANG_WARN_CONSTANT_CONVERSION = YES;
				CLANG_WARN_DEPRECATED_OBJC_IMPLEMENTATIONS = YES;
				CLANG_WARN_DIRECT_OBJC_ISA_USAGE = YES_ERROR;
				CLANG_WARN_DOCUMENTATION_COMMENTS = YES;
				CLANG_WARN_EMPTY_BODY = YES;
				CLANG_WARN_ENUM_CONVERSION = YES;
				CLANG_WARN_INFINITE_RECURSION = YES;
				CLANG_WARN_INT_CONVERSION = YES;
				CLANG_WARN_NON_LITERAL_NULL_CONVERSION = YES;
				CLANG_WARN_OBJC_IMPLICIT_RETAIN_SELF = YES;
				CLANG_WARN_OBJC_LITERAL_CONVERSION = YES;
				CLANG_WARN_OBJC_ROOT_CLASS = YES_ERROR;
				CLANG_WARN_QUOTED_INCLUDE_IN_FRAMEWORK_HEADER = YES;
				CLANG_WARN_RANGE_LOOP_ANALYSIS = YES;
				CLANG_WARN_STRICT_PROTOTYPES = YES;
				CLANG_WARN_SUSPICIOUS_MOVE = YES;
				CLANG_WARN_UNGUARDED_AVAILABILITY = YES_AGGRESSIVE;
				CLANG_WARN_UNREACHABLE_CODE = YES;
				CLANG_WARN__DUPLICATE_METHOD_MATCH = YES;
				COPY_PHASE_STRIP = NO;
				DEBUG_INFORMATION_FORMAT = dwarf;
				ENABLE_STRICT_OBJC_MSGSEND = YES;
				ENABLE_TESTABILITY = YES;
				ENABLE_USER_SCRIPT_SANDBOXING = YES;
				GCC_C_LANGUAGE_STANDARD = gnu17;
				GCC_DYNAMIC_NO_PIC = NO;
				GCC_NO_COMMON_BLOCKS = YES;
				GCC_OPTIMIZATION_LEVEL = 0;
				GCC_PREPROCESSOR_DEFINITIONS = (
					"DEBUG=1",
					"$(inherited)",
				);
				GCC_WARN_64_TO_32_BIT_CONVERSION = YES;
				GCC_WARN_ABOUT_RETURN_TYPE = YES_ERROR;
				GCC_WARN_UNDECLARED_SELECTOR = YES;
				GCC_WARN_UNINITIALIZED_AUTOS = YES_AGGRESSIVE;
				GCC_WARN_UNUSED_FUNCTION = YES;
				GCC_WARN_UNUSED_VARIABLE = YES;
				IPHONEOS_DEPLOYMENT_TARGET = 17.0;
				LOCALIZATION_PREFERS_STRING_CATALOGS = YES;
				MTL_ENABLE_DEBUG_INFO = INCLUDE_SOURCE;
				MTL_FAST_MATH = YES;
				ONLY_ACTIVE_ARCH = YES;
				SDKROOT = iphoneos;
				SWIFT_ACTIVE_COMPILATION_CONDITIONS = "DEBUG $(inherited)";
				SWIFT_OPTIMIZATION_LEVEL = "-Onone";
			};
			name = Debug;
		};
		975679FE2AB9C26B0057B0E2 /* Release */ = {
			isa = XCBuildConfiguration;
			buildSettings = {
				ALWAYS_SEARCH_USER_PATHS = NO;
				ASSETCATALOG_COMPILER_GENERATE_SWIFT_ASSET_SYMBOL_EXTENSIONS = YES;
				CLANG_ANALYZER_NONNULL = YES;
				CLANG_ANALYZER_NUMBER_OBJECT_CONVERSION = YES_AGGRESSIVE;
				CLANG_CXX_LANGUAGE_STANDARD = "gnu++20";
				CLANG_ENABLE_MODULES = YES;
				CLANG_ENABLE_OBJC_ARC = YES;
				CLANG_ENABLE_OBJC_WEAK = YES;
				CLANG_WARN_BLOCK_CAPTURE_AUTORELEASING = YES;
				CLANG_WARN_BOOL_CONVERSION = YES;
				CLANG_WARN_COMMA = YES;
				CLANG_WARN_CONSTANT_CONVERSION = YES;
				CLANG_WARN_DEPRECATED_OBJC_IMPLEMENTATIONS = YES;
				CLANG_WARN_DIRECT_OBJC_ISA_USAGE = YES_ERROR;
				CLANG_WARN_DOCUMENTATION_COMMENTS = YES;
				CLANG_WARN_EMPTY_BODY = YES;
				CLANG_WARN_ENUM_CONVERSION = YES;
				CLANG_WARN_INFINITE_RECURSION = YES;
				CLANG_WARN_INT_CONVERSION = YES;
				CLANG_WARN_NON_LITERAL_NULL_CONVERSION = YES;
				CLANG_WARN_OBJC_IMPLICIT_RETAIN_SELF = YES;
				CLANG_WARN_OBJC_LITERAL_CONVERSION = YES;
				CLANG_WARN_OBJC_ROOT_CLASS = YES_ERROR;
				CLANG_WARN_QUOTED_INCLUDE_IN_FRAMEWORK_HEADER = YES;
				CLANG_WARN_RANGE_LOOP_ANALYSIS = YES;
				CLANG_WARN_STRICT_PROTOTYPES = YES;
				CLANG_WARN_SUSPICIOUS_MOVE = YES;
				CLANG_WARN_UNGUARDED_AVAILABILITY = YES_AGGRESSIVE;
				CLANG_WARN_UNREACHABLE_CODE = YES;
				CLANG_WARN__DUPLICATE_METHOD_MATCH = YES;
				COPY_PHASE_STRIP = NO;
				DEBUG_INFORMATION_FORMAT = "dwarf-with-dsym";
				ENABLE_NS_ASSERTIONS = NO;
				ENABLE_STRICT_OBJC_MSGSEND = YES;
				ENABLE_USER_SCRIPT_SANDBOXING = YES;
				GCC_C_LANGUAGE_STANDARD = gnu17;
				GCC_NO_COMMON_BLOCKS = YES;
				GCC_WARN_64_TO_32_BIT_CONVERSION = YES;
				GCC_WARN_ABOUT_RETURN_TYPE = YES_ERROR;
				GCC_WARN_UNDECLARED_SELECTOR = YES;
				GCC_WARN_UNINITIALIZED_AUTOS = YES_AGGRESSIVE;
				GCC_WARN_UNUSED_FUNCTION = YES;
				GCC_WARN_UNUSED_VARIABLE = YES;
				IPHONEOS_DEPLOYMENT_TARGET = 17.0;
				LOCALIZATION_PREFERS_STRING_CATALOGS = YES;
				MTL_ENABLE_DEBUG_INFO = NO;
				MTL_FAST_MATH = YES;
				SDKROOT = iphoneos;
				SWIFT_COMPILATION_MODE = wholemodule;
				VALIDATE_PRODUCT = YES;
			};
			name = Release;
		};
		97567A002AB9C26B0057B0E2 /* Debug */ = {
			isa = XCBuildConfiguration;
			buildSettings = {
				ASSETCATALOG_COMPILER_APPICON_NAME = AppIcon;
				ASSETCATALOG_COMPILER_GLOBAL_ACCENT_COLOR_NAME = AccentColor;
				CODE_SIGN_STYLE = Automatic;
				CURRENT_PROJECT_VERSION = 0;
				DEVELOPMENT_ASSET_PATHS = "\"SFSymbolsArtCreator/Preview Content\"";
				DEVELOPMENT_TEAM = 2V4975L824;
				ENABLE_PREVIEWS = YES;
				GENERATE_INFOPLIST_FILE = YES;
				INFOPLIST_KEY_UIApplicationSceneManifest_Generation = YES;
				INFOPLIST_KEY_UIApplicationSupportsIndirectInputEvents = YES;
				INFOPLIST_KEY_UILaunchScreen_Generation = YES;
				INFOPLIST_KEY_UISupportedInterfaceOrientations_iPad = "UIInterfaceOrientationPortrait UIInterfaceOrientationPortraitUpsideDown UIInterfaceOrientationLandscapeLeft UIInterfaceOrientationLandscapeRight";
				INFOPLIST_KEY_UISupportedInterfaceOrientations_iPhone = "UIInterfaceOrientationPortrait UIInterfaceOrientationLandscapeLeft UIInterfaceOrientationLandscapeRight";
				IPHONEOS_DEPLOYMENT_TARGET = 16.0;
				LD_RUNPATH_SEARCH_PATHS = (
					"$(inherited)",
					"@executable_path/Frameworks",
				);
				MARKETING_VERSION = 0.0.1;
				PRODUCT_BUNDLE_IDENTIFIER = jp.co.lilossa.SFSymbolsArtCreator;
				PRODUCT_NAME = "$(TARGET_NAME)";
				SWIFT_EMIT_LOC_STRINGS = YES;
				SWIFT_VERSION = 5.0;
				TARGETED_DEVICE_FAMILY = "1,2";
			};
			name = Debug;
		};
		97567A012AB9C26B0057B0E2 /* Release */ = {
			isa = XCBuildConfiguration;
			buildSettings = {
				ASSETCATALOG_COMPILER_APPICON_NAME = AppIcon;
				ASSETCATALOG_COMPILER_GLOBAL_ACCENT_COLOR_NAME = AccentColor;
				CODE_SIGN_STYLE = Automatic;
				CURRENT_PROJECT_VERSION = 0;
				DEVELOPMENT_ASSET_PATHS = "\"SFSymbolsArtCreator/Preview Content\"";
				DEVELOPMENT_TEAM = 2V4975L824;
				ENABLE_PREVIEWS = YES;
				GENERATE_INFOPLIST_FILE = YES;
				INFOPLIST_KEY_UIApplicationSceneManifest_Generation = YES;
				INFOPLIST_KEY_UIApplicationSupportsIndirectInputEvents = YES;
				INFOPLIST_KEY_UILaunchScreen_Generation = YES;
				INFOPLIST_KEY_UISupportedInterfaceOrientations_iPad = "UIInterfaceOrientationPortrait UIInterfaceOrientationPortraitUpsideDown UIInterfaceOrientationLandscapeLeft UIInterfaceOrientationLandscapeRight";
				INFOPLIST_KEY_UISupportedInterfaceOrientations_iPhone = "UIInterfaceOrientationPortrait UIInterfaceOrientationLandscapeLeft UIInterfaceOrientationLandscapeRight";
				IPHONEOS_DEPLOYMENT_TARGET = 16.0;
				LD_RUNPATH_SEARCH_PATHS = (
					"$(inherited)",
					"@executable_path/Frameworks",
				);
				MARKETING_VERSION = 0.0.1;
				PRODUCT_BUNDLE_IDENTIFIER = jp.co.lilossa.SFSymbolsArtCreator;
				PRODUCT_NAME = "$(TARGET_NAME)";
				SWIFT_EMIT_LOC_STRINGS = YES;
				SWIFT_VERSION = 5.0;
				TARGETED_DEVICE_FAMILY = "1,2";
			};
			name = Release;
		};
		97567A032AB9C26B0057B0E2 /* Debug */ = {
			isa = XCBuildConfiguration;
			buildSettings = {
				ALWAYS_EMBED_SWIFT_STANDARD_LIBRARIES = YES;
				BUNDLE_LOADER = "$(TEST_HOST)";
				CODE_SIGN_STYLE = Automatic;
				CURRENT_PROJECT_VERSION = 1;
				DEVELOPMENT_TEAM = 2V4975L824;
				GENERATE_INFOPLIST_FILE = YES;
				IPHONEOS_DEPLOYMENT_TARGET = 16.0;
				MARKETING_VERSION = 1.0;
				PRODUCT_BUNDLE_IDENTIFIER = jp.co.lilossa.SFSymbolsArtCreatorTests;
				PRODUCT_NAME = "$(TARGET_NAME)";
				SWIFT_EMIT_LOC_STRINGS = NO;
				SWIFT_VERSION = 5.0;
				TARGETED_DEVICE_FAMILY = "1,2";
				TEST_HOST = "$(BUILT_PRODUCTS_DIR)/SFSymbolsArtCreator.app/$(BUNDLE_EXECUTABLE_FOLDER_PATH)/SFSymbolsArtCreator";
			};
			name = Debug;
		};
		97567A042AB9C26B0057B0E2 /* Release */ = {
			isa = XCBuildConfiguration;
			buildSettings = {
				ALWAYS_EMBED_SWIFT_STANDARD_LIBRARIES = YES;
				BUNDLE_LOADER = "$(TEST_HOST)";
				CODE_SIGN_STYLE = Automatic;
				CURRENT_PROJECT_VERSION = 1;
				DEVELOPMENT_TEAM = 2V4975L824;
				GENERATE_INFOPLIST_FILE = YES;
				IPHONEOS_DEPLOYMENT_TARGET = 16.0;
				MARKETING_VERSION = 1.0;
				PRODUCT_BUNDLE_IDENTIFIER = jp.co.lilossa.SFSymbolsArtCreatorTests;
				PRODUCT_NAME = "$(TARGET_NAME)";
				SWIFT_EMIT_LOC_STRINGS = NO;
				SWIFT_VERSION = 5.0;
				TARGETED_DEVICE_FAMILY = "1,2";
				TEST_HOST = "$(BUILT_PRODUCTS_DIR)/SFSymbolsArtCreator.app/$(BUNDLE_EXECUTABLE_FOLDER_PATH)/SFSymbolsArtCreator";
			};
			name = Release;
		};
/* End XCBuildConfiguration section */

/* Begin XCConfigurationList section */
		975679D12AB9C2690057B0E2 /* Build configuration list for PBXProject "SFSymbolsArtCreator" */ = {
			isa = XCConfigurationList;
			buildConfigurations = (
				975679FD2AB9C26B0057B0E2 /* Debug */,
				975679FE2AB9C26B0057B0E2 /* Release */,
			);
			defaultConfigurationIsVisible = 0;
			defaultConfigurationName = Release;
		};
		975679FF2AB9C26B0057B0E2 /* Build configuration list for PBXNativeTarget "SFSymbolsArtCreator" */ = {
			isa = XCConfigurationList;
			buildConfigurations = (
				97567A002AB9C26B0057B0E2 /* Debug */,
				97567A012AB9C26B0057B0E2 /* Release */,
			);
			defaultConfigurationIsVisible = 0;
			defaultConfigurationName = Release;
		};
		97567A022AB9C26B0057B0E2 /* Build configuration list for PBXNativeTarget "SFSymbolsArtCreatorTests" */ = {
			isa = XCConfigurationList;
			buildConfigurations = (
				97567A032AB9C26B0057B0E2 /* Debug */,
				97567A042AB9C26B0057B0E2 /* Release */,
			);
			defaultConfigurationIsVisible = 0;
			defaultConfigurationName = Release;
		};
/* End XCConfigurationList section */

/* Begin XCRemoteSwiftPackageReference section */
		97567A0B2AB9C6670057B0E2 /* XCRemoteSwiftPackageReference "swift-composable-architecture" */ = {
			isa = XCRemoteSwiftPackageReference;
			repositoryURL = "https://github.com/pointfreeco/swift-composable-architecture";
			requirement = {
				kind = upToNextMajorVersion;
				minimumVersion = 1.2.0;
			};
		};
		97567A0E2AB9C6A20057B0E2 /* XCRemoteSwiftPackageReference "SFUserFriendlySymbols" */ = {
			isa = XCRemoteSwiftPackageReference;
			repositoryURL = "https://github.com/littleossa/SFUserFriendlySymbols.git";
			requirement = {
				kind = upToNextMajorVersion;
				minimumVersion = 0.4.0;
			};
		};
/* End XCRemoteSwiftPackageReference section */

/* Begin XCSwiftPackageProductDependency section */
		97567A0C2AB9C6670057B0E2 /* ComposableArchitecture */ = {
			isa = XCSwiftPackageProductDependency;
			package = 97567A0B2AB9C6670057B0E2 /* XCRemoteSwiftPackageReference "swift-composable-architecture" */;
			productName = ComposableArchitecture;
		};
		97567A0F2AB9C6A20057B0E2 /* SFUserFriendlySymbols */ = {
			isa = XCSwiftPackageProductDependency;
			package = 97567A0E2AB9C6A20057B0E2 /* XCRemoteSwiftPackageReference "SFUserFriendlySymbols" */;
			productName = SFUserFriendlySymbols;
		};
/* End XCSwiftPackageProductDependency section */

/* Begin XCVersionGroup section */
		975679E42AB9C26B0057B0E2 /* SFSymbolsArtCreator.xcdatamodeld */ = {
			isa = XCVersionGroup;
			children = (
				975679E52AB9C26B0057B0E2 /* SFSymbolsArtCreator.xcdatamodel */,
			);
			currentVersion = 975679E52AB9C26B0057B0E2 /* SFSymbolsArtCreator.xcdatamodel */;
			path = SFSymbolsArtCreator.xcdatamodeld;
			sourceTree = "<group>";
			versionGroupType = wrapper.xcdatamodel;
		};
/* End XCVersionGroup section */
	};
	rootObject = 975679CE2AB9C2690057B0E2 /* Project object */;
}
